
Microsoft Visual Studio Solution File, Format Version 12.00
# Visual Studio Version 17
VisualStudioVersion = 17.0.32014.148
MinimumVisualStudioVersion = 10.0.40219.1
Project("{FAE04EC0-301F-11D3-BF4B-00C04F79EFBC}") = "WindowsNETPractice", "WindowsNETPractice\WindowsNETPractice.csproj", "{23944287-7836-40C8-BE91-D62C188D45D1}"
EndProject
Global
	GlobalSection(SolutionConfigurationPlatforms) = preSolution
		Debug|Any CPU = Debug|Any CPU
		Release|Any CPU = Release|Any CPU
	EndGlobalSection
	GlobalSection(ProjectConfigurationPlatforms) = postSolution
		{23944287-7836-40C8-BE91-D62C188D45D1}.Debug|Any CPU.ActiveCfg = Debug|Any CPU
		{23944287-7836-40C8-BE91-D62C188D45D1}.Debug|Any CPU.Build.0 = Debug|Any CPU
		{23944287-7836-40C8-BE91-D62C188D45D1}.Release|Any CPU.ActiveCfg = Release|Any CPU
		{23944287-7836-40C8-BE91-D62C188D45D1}.Release|Any CPU.Build.0 = Release|Any CPU
	EndGlobalSection
	GlobalSection(SolutionProperties) = preSolution
		HideSolutionNode = FALSE
	EndGlobalSection
	GlobalSection(ExtensibilityGlobals) = postSolution
		SolutionGuid = {033B60CB-19B3-4702-9148-95DB7289719D}
	EndGlobalSection
EndGlobal
